
Microsoft Visual Studio Solution File, Format Version 12.00
# Visual Studio Version 16
VisualStudioVersion = 16.0.31729.503
MinimumVisualStudioVersion = 10.0.40219.1
Project("{2150E333-8FDC-42A3-9474-1A3956D46DE8}") = "Services", "Services", "{CEBD3A00-1884-4733-A8CD-EE7B5896111C}"
EndProject
Project("{2150E333-8FDC-42A3-9474-1A3956D46DE8}") = "Catalog", "Catalog", "{0F0D6FCA-11B4-4000-BA24-6028D15913BF}"
EndProject
Project("{9A19103F-16F7-4668-BE54-9A1E7A4F7556}") = "Catalog.API", "Services\Catalog\Catalog.API\Catalog.API.csproj", "{8DAA9CE0-C53A-4974-AF97-DD3881DC06BD}"
EndProject
Project("{E53339B2-1760-4266-BCC7-CA923CBCF16C}") = "docker-compose", "docker-compose.dcproj", "{E7F202FC-1BAA-4C8B-96E0-25B817FDEC62}"
EndProject
Project("{2150E333-8FDC-42A3-9474-1A3956D46DE8}") = "Basket", "Basket", "{39BE97C6-73A3-4210-A6E9-8DAF0175FB51}"
EndProject
Project("{FAE04EC0-301F-11D3-BF4B-00C04F79EFBC}") = "Basket.API", "Services\Basket\Basket.API\Basket.API.csproj", "{DB51FB81-CB49-4AF8-96A8-F7241A0EE7A1}"
EndProject
Global
	GlobalSection(SolutionConfigurationPlatforms) = preSolution
		Debug|Any CPU = Debug|Any CPU
		Release|Any CPU = Release|Any CPU
	EndGlobalSection
	GlobalSection(ProjectConfigurationPlatforms) = postSolution
		{8DAA9CE0-C53A-4974-AF97-DD3881DC06BD}.Debug|Any CPU.ActiveCfg = Debug|Any CPU
		{8DAA9CE0-C53A-4974-AF97-DD3881DC06BD}.Debug|Any CPU.Build.0 = Debug|Any CPU
		{8DAA9CE0-C53A-4974-AF97-DD3881DC06BD}.Release|Any CPU.ActiveCfg = Release|Any CPU
		{8DAA9CE0-C53A-4974-AF97-DD3881DC06BD}.Release|Any CPU.Build.0 = Release|Any CPU
		{E7F202FC-1BAA-4C8B-96E0-25B817FDEC62}.Debug|Any CPU.ActiveCfg = Debug|Any CPU
		{E7F202FC-1BAA-4C8B-96E0-25B817FDEC62}.Debug|Any CPU.Build.0 = Debug|Any CPU
		{E7F202FC-1BAA-4C8B-96E0-25B817FDEC62}.Release|Any CPU.ActiveCfg = Release|Any CPU
		{E7F202FC-1BAA-4C8B-96E0-25B817FDEC62}.Release|Any CPU.Build.0 = Release|Any CPU
		{DB51FB81-CB49-4AF8-96A8-F7241A0EE7A1}.Debug|Any CPU.ActiveCfg = Debug|Any CPU
		{DB51FB81-CB49-4AF8-96A8-F7241A0EE7A1}.Debug|Any CPU.Build.0 = Debug|Any CPU
		{DB51FB81-CB49-4AF8-96A8-F7241A0EE7A1}.Release|Any CPU.ActiveCfg = Release|Any CPU
		{DB51FB81-CB49-4AF8-96A8-F7241A0EE7A1}.Release|Any CPU.Build.0 = Release|Any CPU
	EndGlobalSection
	GlobalSection(SolutionProperties) = preSolution
		HideSolutionNode = FALSE
	EndGlobalSection
	GlobalSection(NestedProjects) = preSolution
		{0F0D6FCA-11B4-4000-BA24-6028D15913BF} = {CEBD3A00-1884-4733-A8CD-EE7B5896111C}
		{8DAA9CE0-C53A-4974-AF97-DD3881DC06BD} = {0F0D6FCA-11B4-4000-BA24-6028D15913BF}
		{39BE97C6-73A3-4210-A6E9-8DAF0175FB51} = {CEBD3A00-1884-4733-A8CD-EE7B5896111C}
		{DB51FB81-CB49-4AF8-96A8-F7241A0EE7A1} = {39BE97C6-73A3-4210-A6E9-8DAF0175FB51}
	EndGlobalSection
	GlobalSection(ExtensibilityGlobals) = postSolution
		SolutionGuid = {835215B1-4332-4B22-9815-6DD317256D6A}
	EndGlobalSection
EndGlobal
